
Microsoft Visual Studio Solution File, Format Version 12.00
# Visual Studio Version 16
VisualStudioVersion = 16.0.29324.140
MinimumVisualStudioVersion = 10.0.40219.1
Project("{2150E333-8FDC-42A3-9474-1A3956D46DE8}") = "Common", "Common", "{7663FA75-5136-4C6D-8AF4-75BAE0688684}"
EndProject
Project("{2150E333-8FDC-42A3-9474-1A3956D46DE8}") = "Services", "Services", "{EEACE46D-1EDA-43D3-9016-FAB737BA4EDC}"
EndProject
Project("{2150E333-8FDC-42A3-9474-1A3956D46DE8}") = "UI", "UI", "{13F99BE3-254E-40BF-9570-933C14C5FF9C}"
EndProject
Project("{9A19103F-16F7-4668-BE54-9A1E7A4F7556}") = "WebStore.Domain", "Common\WebStore.Domain\WebStore.Domain.csproj", "{0310FEDA-050F-410B-BBAF-FB917CC7945A}"
EndProject
Project("{9A19103F-16F7-4668-BE54-9A1E7A4F7556}") = "WebStore.DAL", "Services\WebStore.DAL\WebStore.DAL.csproj", "{7F4FF83A-AF47-48FA-B2F9-85530C64FBB5}"
EndProject
Project("{9A19103F-16F7-4668-BE54-9A1E7A4F7556}") = "WebStore", "UI\WebStore\WebStore.csproj", "{3231D423-1F07-492E-B096-7C7EDCA32D64}"
EndProject
Project("{FAE04EC0-301F-11D3-BF4B-00C04F79EFBC}") = "WebStore.ServicesHosting", "Services\WebStore.ServicesHosting\WebStore.ServicesHosting.csproj", "{3DA3B63B-CF21-4D58-A6D9-88BB96ACBDFA}"
EndProject
Project("{FAE04EC0-301F-11D3-BF4B-00C04F79EFBC}") = "WebStore.Interfaces", "Services\WebStore.Interfaces\WebStore.Interfaces.csproj", "{0152FCB2-D3EA-4F8E-A4F6-C2553BF82288}"
EndProject
Project("{FAE04EC0-301F-11D3-BF4B-00C04F79EFBC}") = "WebStore.Services", "Services\WebStore.Services\WebStore.Services.csproj", "{4F33FC6C-28E2-49AE-B0A8-7C97B0FF8EF5}"
EndProject
Project("{FAE04EC0-301F-11D3-BF4B-00C04F79EFBC}") = "WebStore.Clients", "Services\WebStore.Clients\WebStore.Clients.csproj", "{7C5DDCF9-D3B5-41E5-9F34-742A726BFCB6}"
EndProject
Global
	GlobalSection(SolutionConfigurationPlatforms) = preSolution
		Debug|Any CPU = Debug|Any CPU
		Release|Any CPU = Release|Any CPU
	EndGlobalSection
	GlobalSection(ProjectConfigurationPlatforms) = postSolution
		{0310FEDA-050F-410B-BBAF-FB917CC7945A}.Debug|Any CPU.ActiveCfg = Debug|Any CPU
		{0310FEDA-050F-410B-BBAF-FB917CC7945A}.Debug|Any CPU.Build.0 = Debug|Any CPU
		{0310FEDA-050F-410B-BBAF-FB917CC7945A}.Release|Any CPU.ActiveCfg = Release|Any CPU
		{0310FEDA-050F-410B-BBAF-FB917CC7945A}.Release|Any CPU.Build.0 = Release|Any CPU
		{7F4FF83A-AF47-48FA-B2F9-85530C64FBB5}.Debug|Any CPU.ActiveCfg = Debug|Any CPU
		{7F4FF83A-AF47-48FA-B2F9-85530C64FBB5}.Debug|Any CPU.Build.0 = Debug|Any CPU
		{7F4FF83A-AF47-48FA-B2F9-85530C64FBB5}.Release|Any CPU.ActiveCfg = Release|Any CPU
		{7F4FF83A-AF47-48FA-B2F9-85530C64FBB5}.Release|Any CPU.Build.0 = Release|Any CPU
		{3231D423-1F07-492E-B096-7C7EDCA32D64}.Debug|Any CPU.ActiveCfg = Debug|Any CPU
		{3231D423-1F07-492E-B096-7C7EDCA32D64}.Debug|Any CPU.Build.0 = Debug|Any CPU
		{3231D423-1F07-492E-B096-7C7EDCA32D64}.Release|Any CPU.ActiveCfg = Release|Any CPU
		{3231D423-1F07-492E-B096-7C7EDCA32D64}.Release|Any CPU.Build.0 = Release|Any CPU
		{3DA3B63B-CF21-4D58-A6D9-88BB96ACBDFA}.Debug|Any CPU.ActiveCfg = Debug|Any CPU
		{3DA3B63B-CF21-4D58-A6D9-88BB96ACBDFA}.Debug|Any CPU.Build.0 = Debug|Any CPU
		{3DA3B63B-CF21-4D58-A6D9-88BB96ACBDFA}.Release|Any CPU.ActiveCfg = Release|Any CPU
		{3DA3B63B-CF21-4D58-A6D9-88BB96ACBDFA}.Release|Any CPU.Build.0 = Release|Any CPU
		{0152FCB2-D3EA-4F8E-A4F6-C2553BF82288}.Debug|Any CPU.ActiveCfg = Debug|Any CPU
		{0152FCB2-D3EA-4F8E-A4F6-C2553BF82288}.Debug|Any CPU.Build.0 = Debug|Any CPU
		{0152FCB2-D3EA-4F8E-A4F6-C2553BF82288}.Release|Any CPU.ActiveCfg = Release|Any CPU
		{0152FCB2-D3EA-4F8E-A4F6-C2553BF82288}.Release|Any CPU.Build.0 = Release|Any CPU
		{4F33FC6C-28E2-49AE-B0A8-7C97B0FF8EF5}.Debug|Any CPU.ActiveCfg = Debug|Any CPU
		{4F33FC6C-28E2-49AE-B0A8-7C97B0FF8EF5}.Debug|Any CPU.Build.0 = Debug|Any CPU
		{4F33FC6C-28E2-49AE-B0A8-7C97B0FF8EF5}.Release|Any CPU.ActiveCfg = Release|Any CPU
		{4F33FC6C-28E2-49AE-B0A8-7C97B0FF8EF5}.Release|Any CPU.Build.0 = Release|Any CPU
		{7C5DDCF9-D3B5-41E5-9F34-742A726BFCB6}.Debug|Any CPU.ActiveCfg = Debug|Any CPU
		{7C5DDCF9-D3B5-41E5-9F34-742A726BFCB6}.Debug|Any CPU.Build.0 = Debug|Any CPU
		{7C5DDCF9-D3B5-41E5-9F34-742A726BFCB6}.Release|Any CPU.ActiveCfg = Release|Any CPU
		{7C5DDCF9-D3B5-41E5-9F34-742A726BFCB6}.Release|Any CPU.Build.0 = Release|Any CPU
	EndGlobalSection
	GlobalSection(SolutionProperties) = preSolution
		HideSolutionNode = FALSE
	EndGlobalSection
	GlobalSection(NestedProjects) = preSolution
		{0310FEDA-050F-410B-BBAF-FB917CC7945A} = {7663FA75-5136-4C6D-8AF4-75BAE0688684}
		{7F4FF83A-AF47-48FA-B2F9-85530C64FBB5} = {EEACE46D-1EDA-43D3-9016-FAB737BA4EDC}
		{3231D423-1F07-492E-B096-7C7EDCA32D64} = {13F99BE3-254E-40BF-9570-933C14C5FF9C}
		{3DA3B63B-CF21-4D58-A6D9-88BB96ACBDFA} = {EEACE46D-1EDA-43D3-9016-FAB737BA4EDC}
		{0152FCB2-D3EA-4F8E-A4F6-C2553BF82288} = {EEACE46D-1EDA-43D3-9016-FAB737BA4EDC}
		{4F33FC6C-28E2-49AE-B0A8-7C97B0FF8EF5} = {EEACE46D-1EDA-43D3-9016-FAB737BA4EDC}
		{7C5DDCF9-D3B5-41E5-9F34-742A726BFCB6} = {EEACE46D-1EDA-43D3-9016-FAB737BA4EDC}
	EndGlobalSection
	GlobalSection(ExtensibilityGlobals) = postSolution
		SolutionGuid = {89B390F5-D971-4629-A2CB-0519FD55F1F4}
	EndGlobalSection
EndGlobal
